
Microsoft Visual Studio Solution File, Format Version 12.00
# Visual Studio Version 17
VisualStudioVersion = 17.8.34316.72
MinimumVisualStudioVersion = 10.0.40219.1
Project("{FAE04EC0-301F-11D3-BF4B-00C04F79EFBC}") = "Phan_mem_quan_li", "fLogin\Phan_mem_quan_li.csproj", "{873D2D76-5397-4AD8-BDE6-3D9A3FC78EA7}"
EndProject
Global
	GlobalSection(SolutionConfigurationPlatforms) = preSolution
		Debug|Any CPU = Debug|Any CPU
		Release|Any CPU = Release|Any CPU
	EndGlobalSection
	GlobalSection(ProjectConfigurationPlatforms) = postSolution
		{873D2D76-5397-4AD8-BDE6-3D9A3FC78EA7}.Debug|Any CPU.ActiveCfg = Debug|Any CPU
		{873D2D76-5397-4AD8-BDE6-3D9A3FC78EA7}.Debug|Any CPU.Build.0 = Debug|Any CPU
		{873D2D76-5397-4AD8-BDE6-3D9A3FC78EA7}.Release|Any CPU.ActiveCfg = Release|Any CPU
		{873D2D76-5397-4AD8-BDE6-3D9A3FC78EA7}.Release|Any CPU.Build.0 = Release|Any CPU
	EndGlobalSection
	GlobalSection(SolutionProperties) = preSolution
		HideSolutionNode = FALSE
	EndGlobalSection
	GlobalSection(ExtensibilityGlobals) = postSolution
		SolutionGuid = {7AEA43D1-9201-443A-82CC-3EC5468DDB70}
	EndGlobalSection
EndGlobal
